
Microsoft Visual Studio Solution File, Format Version 12.00
# Visual Studio Version 17
VisualStudioVersion = 17.10.35027.167
MinimumVisualStudioVersion = 10.0.40219.1
Project("{FAE04EC0-301F-11D3-BF4B-00C04F79EFBC}") = "DatingApp", "DatingApp\DatingApp.csproj", "{CFAEAB56-6281-44A2-A245-1CF662BD5DB9}"
EndProject
Global
	GlobalSection(SolutionConfigurationPlatforms) = preSolution
		Debug|Any CPU = Debug|Any CPU
		Release|Any CPU = Release|Any CPU
	EndGlobalSection
	GlobalSection(ProjectConfigurationPlatforms) = postSolution
		{CFAEAB56-6281-44A2-A245-1CF662BD5DB9}.Debug|Any CPU.ActiveCfg = Debug|Any CPU
		{CFAEAB56-6281-44A2-A245-1CF662BD5DB9}.Debug|Any CPU.Build.0 = Debug|Any CPU
		{CFAEAB56-6281-44A2-A245-1CF662BD5DB9}.Release|Any CPU.ActiveCfg = Release|Any CPU
		{CFAEAB56-6281-44A2-A245-1CF662BD5DB9}.Release|Any CPU.Build.0 = Release|Any CPU
	EndGlobalSection
	GlobalSection(SolutionProperties) = preSolution
		HideSolutionNode = FALSE
	EndGlobalSection
	GlobalSection(ExtensibilityGlobals) = postSolution
		SolutionGuid = {02472F0C-8145-4E06-B42D-AAD7882E520C}
	EndGlobalSection
EndGlobal
